
Microsoft Visual Studio Solution File, Format Version 12.00
# Visual Studio Version 17
VisualStudioVersion = 17.1.32210.238
MinimumVisualStudioVersion = 10.0.40219.1
Project("{FAE04EC0-301F-11D3-BF4B-00C04F79EFBC}") = "HashExample", "HashExample\HashExample.csproj", "{CFC20A8A-461E-490F-BDB2-BAB08EDD9406}"
EndProject
Global
	GlobalSection(SolutionConfigurationPlatforms) = preSolution
		Debug|Any CPU = Debug|Any CPU
		Release|Any CPU = Release|Any CPU
	EndGlobalSection
	GlobalSection(ProjectConfigurationPlatforms) = postSolution
		{CFC20A8A-461E-490F-BDB2-BAB08EDD9406}.Debug|Any CPU.ActiveCfg = Debug|Any CPU
		{CFC20A8A-461E-490F-BDB2-BAB08EDD9406}.Debug|Any CPU.Build.0 = Debug|Any CPU
		{CFC20A8A-461E-490F-BDB2-BAB08EDD9406}.Release|Any CPU.ActiveCfg = Release|Any CPU
		{CFC20A8A-461E-490F-BDB2-BAB08EDD9406}.Release|Any CPU.Build.0 = Release|Any CPU
	EndGlobalSection
	GlobalSection(SolutionProperties) = preSolution
		HideSolutionNode = FALSE
	EndGlobalSection
	GlobalSection(ExtensibilityGlobals) = postSolution
		SolutionGuid = {9FCAA072-FD12-4C0E-A6F8-7B6CE1558516}
	EndGlobalSection
EndGlobal
