
Microsoft Visual Studio Solution File, Format Version 12.00
# Visual Studio Version 17
VisualStudioVersion = 17.1.32210.238
MinimumVisualStudioVersion = 10.0.40219.1
Project("{FAE04EC0-301F-11D3-BF4B-00C04F79EFBC}") = "Stack", "Stack\Stack.csproj", "{ADF0E652-AC10-4CB1-9AE4-96CC5D3E9600}"
EndProject
Global
	GlobalSection(SolutionConfigurationPlatforms) = preSolution
		Debug|Any CPU = Debug|Any CPU
		Release|Any CPU = Release|Any CPU
	EndGlobalSection
	GlobalSection(ProjectConfigurationPlatforms) = postSolution
		{ADF0E652-AC10-4CB1-9AE4-96CC5D3E9600}.Debug|Any CPU.ActiveCfg = Debug|Any CPU
		{ADF0E652-AC10-4CB1-9AE4-96CC5D3E9600}.Debug|Any CPU.Build.0 = Debug|Any CPU
		{ADF0E652-AC10-4CB1-9AE4-96CC5D3E9600}.Release|Any CPU.ActiveCfg = Release|Any CPU
		{ADF0E652-AC10-4CB1-9AE4-96CC5D3E9600}.Release|Any CPU.Build.0 = Release|Any CPU
	EndGlobalSection
	GlobalSection(SolutionProperties) = preSolution
		HideSolutionNode = FALSE
	EndGlobalSection
	GlobalSection(ExtensibilityGlobals) = postSolution
		SolutionGuid = {8907C905-8D3A-4C08-A3A3-52938C0694C0}
	EndGlobalSection
EndGlobal
